{
  "name": "example",
  "version": "0.0.0",
  "lockfileVersion": 1,
  "requires": true,
  "dependencies": {
    "@awesomeorganization/rewrite-handler": {
      "version": "0.1.1",
      "resolved": "https://registry.npmjs.org/@awesomeorganization/rewrite-handler/-/rewrite-handler-0.1.1.tgz",
      "integrity": "sha512-ifF3LEOzDOK78fHG3doNgfkT/q9AHEtdz3fWFkiQZJ/83kHWcH9RakY7ofJGYCOJAZZ+Kotjy8BRNyn1SHyCXw=="
    },
    "@awesomeorganization/servers": {
      "version": "0.1.2",
      "resolved": "https://registry.npmjs.org/@awesomeorganization/servers/-/servers-0.1.2.tgz",
      "integrity": "sha512-7pj3iJNXIKIS1/d3hV/UeheaB6YPubT/xt4jPGOTYVIxm0yKsV3aYhY1YWRqckOz3/v7jPytz2cqC+UJEVdPtA=="
    },
    "@awesomeorganization/sse-handler": {
      "version": "0.1.3",
      "resolved": "https://registry.npmjs.org/@awesomeorganization/sse-handler/-/sse-handler-0.1.3.tgz",
      "integrity": "sha512-xn0PDFk2tSjSFgNMsvxFIvU5vJjIM+LBP84gNtqnPrj2GwqY126NN6wdfI6xdj00WMdVq/nP4BPWBWwpDthYxQ=="
    },
    "@awesomeorganization/static-handler": {
      "version": "0.1.7",
      "resolved": "https://registry.npmjs.org/@awesomeorganization/static-handler/-/static-handler-0.1.7.tgz",
      "integrity": "sha512-zdVxVBt/S5TU1EJoclfy3i4wDk9Z9oN/jmU+YW/KjMG17RwkrQy4vDGWF4oghTU1Oaarg+NHkjsWAm+CASMfGw=="
    }
  }
}
