{
  "name": "example",
  "version": "0.0.0",
  "lockfileVersion": 1,
  "requires": true,
  "dependencies": {
    "@awesomeorganization/rewrite-handler": {
      "version": "0.1.1",
      "resolved": "https://registry.npmjs.org/@awesomeorganization/rewrite-handler/-/rewrite-handler-0.1.1.tgz",
      "integrity": "sha512-ifF3LEOzDOK78fHG3doNgfkT/q9AHEtdz3fWFkiQZJ/83kHWcH9RakY7ofJGYCOJAZZ+Kotjy8BRNyn1SHyCXw=="
    },
    "@awesomeorganization/servers": {
      "version": "0.1.2",
      "resolved": "https://registry.npmjs.org/@awesomeorganization/servers/-/servers-0.1.2.tgz",
      "integrity": "sha512-7pj3iJNXIKIS1/d3hV/UeheaB6YPubT/xt4jPGOTYVIxm0yKsV3aYhY1YWRqckOz3/v7jPytz2cqC+UJEVdPtA=="
    },
    "@awesomeorganization/sse-handler": {
      "version": "0.1.6",
      "resolved": "https://registry.npmjs.org/@awesomeorganization/sse-handler/-/sse-handler-0.1.6.tgz",
      "integrity": "sha512-xrWlmaZ8gZPOKj3YWnpjKnt5q/9u5myNyBnYYZkSyI8E0HT3kbF7qtRMD24QwNXzWRbpcqGqDHLbqeh1061Nhg=="
    },
    "@awesomeorganization/static-handler": {
      "version": "0.1.8",
      "resolved": "https://registry.npmjs.org/@awesomeorganization/static-handler/-/static-handler-0.1.8.tgz",
      "integrity": "sha512-FrkztkzBltyaUF2ficgR6tlUHdv07LGFBpckD1FlS3JVfng57rzAZNVs2q1eLx/OOFCXbN8hSb7b3Y8plqJbzA=="
    }
  }
}
